{
  "pins" : [
    {
      "identity" : "coregpx",
      "kind" : "remoteSourceControl",
      "location" : "https://github.com/vincentneo/CoreGPX",
      "state" : {
        "revision" : "90dea5dea799e2b3684f5c72f07141d8516ce80b",
        "version" : "0.9.2"
      }
    },
    {
      "identity" : "grdb.swift",
      "kind" : "remoteSourceControl",
      "location" : "https://github.com/groue/GRDB.swift",
      "state" : {
        "branch" : "master",
        "revision" : "bd9aea303d9dab3a4941ee838a0e4ff51c9448df"
      }
    }
  ],
  "version" : 2
}
